
Microsoft Visual Studio Solution File, Format Version 12.00
# Visual Studio Version 17
VisualStudioVersion = 17.7.34202.233
MinimumVisualStudioVersion = 10.0.40219.1
Project("{8BC9CEB8-8B4A-11D0-8D11-00A0C91BC942}") = "andrej_kolega_spa_dz_2", "andrej_kolega_spa_dz_2\andrej_kolega_spa_dz_2.vcxproj", "{C0749D1C-7557-4C73-BA9C-3635CB19F2EF}"
EndProject
Global
	GlobalSection(SolutionConfigurationPlatforms) = preSolution
		Debug|x64 = Debug|x64
		Debug|x86 = Debug|x86
		Release|x64 = Release|x64
		Release|x86 = Release|x86
	EndGlobalSection
	GlobalSection(ProjectConfigurationPlatforms) = postSolution
		{C0749D1C-7557-4C73-BA9C-3635CB19F2EF}.Debug|x64.ActiveCfg = Debug|x64
		{C0749D1C-7557-4C73-BA9C-3635CB19F2EF}.Debug|x64.Build.0 = Debug|x64
		{C0749D1C-7557-4C73-BA9C-3635CB19F2EF}.Debug|x86.ActiveCfg = Debug|Win32
		{C0749D1C-7557-4C73-BA9C-3635CB19F2EF}.Debug|x86.Build.0 = Debug|Win32
		{C0749D1C-7557-4C73-BA9C-3635CB19F2EF}.Release|x64.ActiveCfg = Release|x64
		{C0749D1C-7557-4C73-BA9C-3635CB19F2EF}.Release|x64.Build.0 = Release|x64
		{C0749D1C-7557-4C73-BA9C-3635CB19F2EF}.Release|x86.ActiveCfg = Release|Win32
		{C0749D1C-7557-4C73-BA9C-3635CB19F2EF}.Release|x86.Build.0 = Release|Win32
	EndGlobalSection
	GlobalSection(SolutionProperties) = preSolution
		HideSolutionNode = FALSE
	EndGlobalSection
	GlobalSection(ExtensibilityGlobals) = postSolution
		SolutionGuid = {B448CA82-69F0-4237-8CB3-6CA4927CF991}
	EndGlobalSection
EndGlobal
